
Microsoft Visual Studio Solution File, Format Version 12.00
# Visual Studio Version 16
VisualStudioVersion = 16.0.29806.167
MinimumVisualStudioVersion = 10.0.40219.1
Project("{FAE04EC0-301F-11D3-BF4B-00C04F79EFBC}") = "NMC Corp Site", "NationalMerchantCenter\NMC Corp Site.csproj", "{ADCEBFAB-EC07-46CA-B24E-6E499D9E4CF3}"
EndProject
Project("{FAE04EC0-301F-11D3-BF4B-00C04F79EFBC}") = "PW Corp Site", "PaymentWorld\PW Corp Site.csproj", "{7E7DFE56-AD2A-4938-BF3D-F341B0330804}"
EndProject
Project("{FAE04EC0-301F-11D3-BF4B-00C04F79EFBC}") = "PW Special Sites", "PW Special Sites\PW Special Sites.csproj", "{DD4FD4C3-0F86-4010-B400-C9A3EC7FF252}"
EndProject
Global
	GlobalSection(SolutionConfigurationPlatforms) = preSolution
		Debug|Any CPU = Debug|Any CPU
		Release|Any CPU = Release|Any CPU
	EndGlobalSection
	GlobalSection(ProjectConfigurationPlatforms) = postSolution
		{ADCEBFAB-EC07-46CA-B24E-6E499D9E4CF3}.Debug|Any CPU.ActiveCfg = Debug|Any CPU
		{ADCEBFAB-EC07-46CA-B24E-6E499D9E4CF3}.Debug|Any CPU.Build.0 = Debug|Any CPU
		{ADCEBFAB-EC07-46CA-B24E-6E499D9E4CF3}.Release|Any CPU.ActiveCfg = Release|Any CPU
		{ADCEBFAB-EC07-46CA-B24E-6E499D9E4CF3}.Release|Any CPU.Build.0 = Release|Any CPU
		{7E7DFE56-AD2A-4938-BF3D-F341B0330804}.Debug|Any CPU.ActiveCfg = Debug|Any CPU
		{7E7DFE56-AD2A-4938-BF3D-F341B0330804}.Debug|Any CPU.Build.0 = Debug|Any CPU
		{7E7DFE56-AD2A-4938-BF3D-F341B0330804}.Release|Any CPU.ActiveCfg = Release|Any CPU
		{7E7DFE56-AD2A-4938-BF3D-F341B0330804}.Release|Any CPU.Build.0 = Release|Any CPU
		{DD4FD4C3-0F86-4010-B400-C9A3EC7FF252}.Debug|Any CPU.ActiveCfg = Debug|Any CPU
		{DD4FD4C3-0F86-4010-B400-C9A3EC7FF252}.Debug|Any CPU.Build.0 = Debug|Any CPU
		{DD4FD4C3-0F86-4010-B400-C9A3EC7FF252}.Release|Any CPU.ActiveCfg = Release|Any CPU
		{DD4FD4C3-0F86-4010-B400-C9A3EC7FF252}.Release|Any CPU.Build.0 = Release|Any CPU
	EndGlobalSection
	GlobalSection(SolutionProperties) = preSolution
		HideSolutionNode = FALSE
	EndGlobalSection
	GlobalSection(ExtensibilityGlobals) = postSolution
		SolutionGuid = {6C2E1187-8905-4BF3-9AEE-1D30326A3B8C}
	EndGlobalSection
EndGlobal
